
Microsoft Visual Studio Solution File, Format Version 12.00
# Visual Studio 15
VisualStudioVersion = 15.0.26124.0
MinimumVisualStudioVersion = 15.0.26124.0
Project("{FAE04EC0-301F-11D3-BF4B-00C04F79EFBC}") = "NorthwindApi", "NorthwindApi\NorthwindApi.csproj", "{7F00411D-DF68-459D-958D-235BDB41C424}"
EndProject
Project("{FAE04EC0-301F-11D3-BF4B-00C04F79EFBC}") = "NorthwindApiTests", "NorthwindApiTests\NorthwindApiTests.csproj", "{C2B57C75-D780-4C14-8C70-2632B49D08FD}"
EndProject
Global
	GlobalSection(SolutionConfigurationPlatforms) = preSolution
		Debug|Any CPU = Debug|Any CPU
		Debug|x64 = Debug|x64
		Debug|x86 = Debug|x86
		Release|Any CPU = Release|Any CPU
		Release|x64 = Release|x64
		Release|x86 = Release|x86
	EndGlobalSection
	GlobalSection(SolutionProperties) = preSolution
		HideSolutionNode = FALSE
	EndGlobalSection
	GlobalSection(ProjectConfigurationPlatforms) = postSolution
		{7F00411D-DF68-459D-958D-235BDB41C424}.Debug|Any CPU.ActiveCfg = Debug|Any CPU
		{7F00411D-DF68-459D-958D-235BDB41C424}.Debug|Any CPU.Build.0 = Debug|Any CPU
		{7F00411D-DF68-459D-958D-235BDB41C424}.Debug|x64.ActiveCfg = Debug|Any CPU
		{7F00411D-DF68-459D-958D-235BDB41C424}.Debug|x64.Build.0 = Debug|Any CPU
		{7F00411D-DF68-459D-958D-235BDB41C424}.Debug|x86.ActiveCfg = Debug|Any CPU
		{7F00411D-DF68-459D-958D-235BDB41C424}.Debug|x86.Build.0 = Debug|Any CPU
		{7F00411D-DF68-459D-958D-235BDB41C424}.Release|Any CPU.ActiveCfg = Release|Any CPU
		{7F00411D-DF68-459D-958D-235BDB41C424}.Release|Any CPU.Build.0 = Release|Any CPU
		{7F00411D-DF68-459D-958D-235BDB41C424}.Release|x64.ActiveCfg = Release|Any CPU
		{7F00411D-DF68-459D-958D-235BDB41C424}.Release|x64.Build.0 = Release|Any CPU
		{7F00411D-DF68-459D-958D-235BDB41C424}.Release|x86.ActiveCfg = Release|Any CPU
		{7F00411D-DF68-459D-958D-235BDB41C424}.Release|x86.Build.0 = Release|Any CPU
		{C2B57C75-D780-4C14-8C70-2632B49D08FD}.Debug|Any CPU.ActiveCfg = Debug|Any CPU
		{C2B57C75-D780-4C14-8C70-2632B49D08FD}.Debug|Any CPU.Build.0 = Debug|Any CPU
		{C2B57C75-D780-4C14-8C70-2632B49D08FD}.Debug|x64.ActiveCfg = Debug|Any CPU
		{C2B57C75-D780-4C14-8C70-2632B49D08FD}.Debug|x64.Build.0 = Debug|Any CPU
		{C2B57C75-D780-4C14-8C70-2632B49D08FD}.Debug|x86.ActiveCfg = Debug|Any CPU
		{C2B57C75-D780-4C14-8C70-2632B49D08FD}.Debug|x86.Build.0 = Debug|Any CPU
		{C2B57C75-D780-4C14-8C70-2632B49D08FD}.Release|Any CPU.ActiveCfg = Release|Any CPU
		{C2B57C75-D780-4C14-8C70-2632B49D08FD}.Release|Any CPU.Build.0 = Release|Any CPU
		{C2B57C75-D780-4C14-8C70-2632B49D08FD}.Release|x64.ActiveCfg = Release|Any CPU
		{C2B57C75-D780-4C14-8C70-2632B49D08FD}.Release|x64.Build.0 = Release|Any CPU
		{C2B57C75-D780-4C14-8C70-2632B49D08FD}.Release|x86.ActiveCfg = Release|Any CPU
		{C2B57C75-D780-4C14-8C70-2632B49D08FD}.Release|x86.Build.0 = Release|Any CPU
	EndGlobalSection
EndGlobal
